// !$*UTF8*$!
{
	archiveVersion = 1;
	classes = {
	};
	objectVersion = 56;
	objects = {

/* Begin PBXBuildFile section */
		181EE5F22C63919A00BAA9A8 /* UbuntuMono-Regular.ttf in Resources */ = {isa = PBXBuildFile; fileRef = 181EE5F12C63919A00BAA9A8 /* UbuntuMono-Regular.ttf */; };
		181EE5F42C6391CD00BAA9A8 /* UnifrakturCook-Bold.ttf in Resources */ = {isa = PBXBuildFile; fileRef = 181EE5F32C6391CD00BAA9A8 /* UnifrakturCook-Bold.ttf */; };
		181EE6032C639BDA00BAA9A8 /* FirstStopVC.swift in Sources */ = {isa = PBXBuildFile; fileRef = 181EE6022C639BDA00BAA9A8 /* FirstStopVC.swift */; };
		181EE6052C639BDE00BAA9A8 /* FirstStopView.swift in Sources */ = {isa = PBXBuildFile; fileRef = 181EE6042C639BDE00BAA9A8 /* FirstStopView.swift */; };
		181EE6072C639BE400BAA9A8 /* ForestOfTrialsVC.swift in Sources */ = {isa = PBXBuildFile; fileRef = 181EE6062C639BE400BAA9A8 /* ForestOfTrialsVC.swift */; };
		181EE6092C639BE800BAA9A8 /* ForestOfTrialsView.swift in Sources */ = {isa = PBXBuildFile; fileRef = 181EE6082C639BE800BAA9A8 /* ForestOfTrialsView.swift */; };
		181EE60B2C639BEE00BAA9A8 /* SwimAcrossTheRiverVC.swift in Sources */ = {isa = PBXBuildFile; fileRef = 181EE60A2C639BEE00BAA9A8 /* SwimAcrossTheRiverVC.swift */; };
		181EE60D2C639BF200BAA9A8 /* SwimAcrossTheRiverView.swift in Sources */ = {isa = PBXBuildFile; fileRef = 181EE60C2C639BF200BAA9A8 /* SwimAcrossTheRiverView.swift */; };
		181EE60F2C639BF900BAA9A8 /* BuildARaftVC.swift in Sources */ = {isa = PBXBuildFile; fileRef = 181EE60E2C639BF900BAA9A8 /* BuildARaftVC.swift */; };
		181EE6112C639BFD00BAA9A8 /* BuildARaftView.swift in Sources */ = {isa = PBXBuildFile; fileRef = 181EE6102C639BFD00BAA9A8 /* BuildARaftView.swift */; };
		181EE6132C639C0200BAA9A8 /* FindingTheThreeSymbolsVC.swift in Sources */ = {isa = PBXBuildFile; fileRef = 181EE6122C639C0200BAA9A8 /* FindingTheThreeSymbolsVC.swift */; };
		181EE6152C639C0700BAA9A8 /* FindingTheThreeSymbolsView.swift in Sources */ = {isa = PBXBuildFile; fileRef = 181EE6142C639C0700BAA9A8 /* FindingTheThreeSymbolsView.swift */; };
		181EE6172C639C0D00BAA9A8 /* IncorrectAnswerVC.swift in Sources */ = {isa = PBXBuildFile; fileRef = 181EE6162C639C0D00BAA9A8 /* IncorrectAnswerVC.swift */; };
		181EE6192C639C1100BAA9A8 /* IncorrectAnswerView.swift in Sources */ = {isa = PBXBuildFile; fileRef = 181EE6182C639C1100BAA9A8 /* IncorrectAnswerView.swift */; };
		181EE61B2C639C1700BAA9A8 /* CorrectAnswerVC.swift in Sources */ = {isa = PBXBuildFile; fileRef = 181EE61A2C639C1700BAA9A8 /* CorrectAnswerVC.swift */; };
		181EE61D2C639C1B00BAA9A8 /* CorrectAnswerView.swift in Sources */ = {isa = PBXBuildFile; fileRef = 181EE61C2C639C1B00BAA9A8 /* CorrectAnswerView.swift */; };
		181EE61F2C639C2100BAA9A8 /* MeetingTheGuardianVC.swift in Sources */ = {isa = PBXBuildFile; fileRef = 181EE61E2C639C2100BAA9A8 /* MeetingTheGuardianVC.swift */; };
		181EE6212C639C2500BAA9A8 /* MeetingTheGuardianView.swift in Sources */ = {isa = PBXBuildFile; fileRef = 181EE6202C639C2500BAA9A8 /* MeetingTheGuardianView.swift */; };
		181EE6232C639C2A00BAA9A8 /* ValleyOfShadowsVC.swift in Sources */ = {isa = PBXBuildFile; fileRef = 181EE6222C639C2A00BAA9A8 /* ValleyOfShadowsVC.swift */; };
		181EE6252C639C2E00BAA9A8 /* ValleyOfShadowsView.swift in Sources */ = {isa = PBXBuildFile; fileRef = 181EE6242C639C2E00BAA9A8 /* ValleyOfShadowsView.swift */; };
		181EE6272C639C3400BAA9A8 /* TrialOfFearVC.swift in Sources */ = {isa = PBXBuildFile; fileRef = 181EE6262C639C3400BAA9A8 /* TrialOfFearVC.swift */; };
		181EE6292C639C3800BAA9A8 /* TrialOfFearView.swift in Sources */ = {isa = PBXBuildFile; fileRef = 181EE6282C639C3800BAA9A8 /* TrialOfFearView.swift */; };
		181EE62B2C639EBB00BAA9A8 /* MacondoSwashCaps-Regular.ttf in Resources */ = {isa = PBXBuildFile; fileRef = 181EE62A2C639EBB00BAA9A8 /* MacondoSwashCaps-Regular.ttf */; };
		187145942C62454600C5AC90 /* Memory.swift in Sources */ = {isa = PBXBuildFile; fileRef = 187145932C62454500C5AC90 /* Memory.swift */; };
		187145962C62455300C5AC90 /* Font + Extension.swift in Sources */ = {isa = PBXBuildFile; fileRef = 187145952C62455300C5AC90 /* Font + Extension.swift */; };
		187145982C62455C00C5AC90 /* Settings.swift in Sources */ = {isa = PBXBuildFile; fileRef = 187145972C62455C00C5AC90 /* Settings.swift */; };
		1871459A2C6261B900C5AC90 /* AchivCell.swift in Sources */ = {isa = PBXBuildFile; fileRef = 187145992C6261B900C5AC90 /* AchivCell.swift */; };
		1871459C2C62663200C5AC90 /* AchivHeader.swift in Sources */ = {isa = PBXBuildFile; fileRef = 1871459B2C62663200C5AC90 /* AchivHeader.swift */; };
		1871459F2C626A2F00C5AC90 /* InfoVC.swift in Sources */ = {isa = PBXBuildFile; fileRef = 1871459E2C626A2F00C5AC90 /* InfoVC.swift */; };
		187145A12C626A3400C5AC90 /* InfoView.swift in Sources */ = {isa = PBXBuildFile; fileRef = 187145A02C626A3300C5AC90 /* InfoView.swift */; };
		18DBB9922C610F0700726CFD /* AppDelegate.swift in Sources */ = {isa = PBXBuildFile; fileRef = 18DBB9912C610F0700726CFD /* AppDelegate.swift */; };
		18DBB9942C610F0700726CFD /* SceneDelegate.swift in Sources */ = {isa = PBXBuildFile; fileRef = 18DBB9932C610F0700726CFD /* SceneDelegate.swift */; };
		18DBB99B2C610F0900726CFD /* Assets.xcassets in Resources */ = {isa = PBXBuildFile; fileRef = 18DBB99A2C610F0900726CFD /* Assets.xcassets */; };
		18DBB99E2C610F0900726CFD /* Base in Resources */ = {isa = PBXBuildFile; fileRef = 18DBB99D2C610F0900726CFD /* Base */; };
		18DBB9AE2C610F7300726CFD /* StartVC.swift in Sources */ = {isa = PBXBuildFile; fileRef = 18DBB9AD2C610F7300726CFD /* StartVC.swift */; };
		18DBB9B02C610F7700726CFD /* StartView.swift in Sources */ = {isa = PBXBuildFile; fileRef = 18DBB9AF2C610F7700726CFD /* StartView.swift */; };
		18DBB9B22C610F8500726CFD /* BaseVC.swift in Sources */ = {isa = PBXBuildFile; fileRef = 18DBB9B12C610F8500726CFD /* BaseVC.swift */; };
		18DBB9B42C610F8800726CFD /* BaseView.swift in Sources */ = {isa = PBXBuildFile; fileRef = 18DBB9B32C610F8800726CFD /* BaseView.swift */; };
		18DBB9B62C610F9100726CFD /* StoryBiginningVC.swift in Sources */ = {isa = PBXBuildFile; fileRef = 18DBB9B52C610F9100726CFD /* StoryBiginningVC.swift */; };
		18DBB9B82C610F9500726CFD /* StoryBiginningView.swift in Sources */ = {isa = PBXBuildFile; fileRef = 18DBB9B72C610F9500726CFD /* StoryBiginningView.swift */; };
		18DBB9BA2C610F9B00726CFD /* ProfileVC.swift in Sources */ = {isa = PBXBuildFile; fileRef = 18DBB9B92C610F9B00726CFD /* ProfileVC.swift */; };
		18DBB9BC2C610F9E00726CFD /* ProfileView.swift in Sources */ = {isa = PBXBuildFile; fileRef = 18DBB9BB2C610F9E00726CFD /* ProfileView.swift */; };
		18DBB9BF2C610FC900726CFD /* SnapKit in Frameworks */ = {isa = PBXBuildFile; productRef = 18DBB9BE2C610FC900726CFD /* SnapKit */; };
/* End PBXBuildFile section */

/* Begin PBXFileReference section */
		181EE5F12C63919A00BAA9A8 /* UbuntuMono-Regular.ttf */ = {isa = PBXFileReference; lastKnownFileType = file; path = "UbuntuMono-Regular.ttf"; sourceTree = "<group>"; };
		181EE5F32C6391CD00BAA9A8 /* UnifrakturCook-Bold.ttf */ = {isa = PBXFileReference; lastKnownFileType = file; path = "UnifrakturCook-Bold.ttf"; sourceTree = "<group>"; };
		181EE6022C639BDA00BAA9A8 /* FirstStopVC.swift */ = {isa = PBXFileReference; lastKnownFileType = sourcecode.swift; path = FirstStopVC.swift; sourceTree = "<group>"; };
		181EE6042C639BDE00BAA9A8 /* FirstStopView.swift */ = {isa = PBXFileReference; lastKnownFileType = sourcecode.swift; path = FirstStopView.swift; sourceTree = "<group>"; };
		181EE6062C639BE400BAA9A8 /* ForestOfTrialsVC.swift */ = {isa = PBXFileReference; lastKnownFileType = sourcecode.swift; path = ForestOfTrialsVC.swift; sourceTree = "<group>"; };
		181EE6082C639BE800BAA9A8 /* ForestOfTrialsView.swift */ = {isa = PBXFileReference; lastKnownFileType = sourcecode.swift; path = ForestOfTrialsView.swift; sourceTree = "<group>"; };
		181EE60A2C639BEE00BAA9A8 /* SwimAcrossTheRiverVC.swift */ = {isa = PBXFileReference; lastKnownFileType = sourcecode.swift; path = SwimAcrossTheRiverVC.swift; sourceTree = "<group>"; };
		181EE60C2C639BF200BAA9A8 /* SwimAcrossTheRiverView.swift */ = {isa = PBXFileReference; lastKnownFileType = sourcecode.swift; path = SwimAcrossTheRiverView.swift; sourceTree = "<group>"; };
		181EE60E2C639BF900BAA9A8 /* BuildARaftVC.swift */ = {isa = PBXFileReference; lastKnownFileType = sourcecode.swift; path = BuildARaftVC.swift; sourceTree = "<group>"; };
		181EE6102C639BFD00BAA9A8 /* BuildARaftView.swift */ = {isa = PBXFileReference; lastKnownFileType = sourcecode.swift; path = BuildARaftView.swift; sourceTree = "<group>"; };
		181EE6122C639C0200BAA9A8 /* FindingTheThreeSymbolsVC.swift */ = {isa = PBXFileReference; lastKnownFileType = sourcecode.swift; path = FindingTheThreeSymbolsVC.swift; sourceTree = "<group>"; };
		181EE6142C639C0700BAA9A8 /* FindingTheThreeSymbolsView.swift */ = {isa = PBXFileReference; lastKnownFileType = sourcecode.swift; path = FindingTheThreeSymbolsView.swift; sourceTree = "<group>"; };
		181EE6162C639C0D00BAA9A8 /* IncorrectAnswerVC.swift */ = {isa = PBXFileReference; lastKnownFileType = sourcecode.swift; path = IncorrectAnswerVC.swift; sourceTree = "<group>"; };
		181EE6182C639C1100BAA9A8 /* IncorrectAnswerView.swift */ = {isa = PBXFileReference; lastKnownFileType = sourcecode.swift; path = IncorrectAnswerView.swift; sourceTree = "<group>"; };
		181EE61A2C639C1700BAA9A8 /* CorrectAnswerVC.swift */ = {isa = PBXFileReference; lastKnownFileType = sourcecode.swift; path = CorrectAnswerVC.swift; sourceTree = "<group>"; };
		181EE61C2C639C1B00BAA9A8 /* CorrectAnswerView.swift */ = {isa = PBXFileReference; lastKnownFileType = sourcecode.swift; path = CorrectAnswerView.swift; sourceTree = "<group>"; };
		181EE61E2C639C2100BAA9A8 /* MeetingTheGuardianVC.swift */ = {isa = PBXFileReference; lastKnownFileType = sourcecode.swift; path = MeetingTheGuardianVC.swift; sourceTree = "<group>"; };
		181EE6202C639C2500BAA9A8 /* MeetingTheGuardianView.swift */ = {isa = PBXFileReference; lastKnownFileType = sourcecode.swift; path = MeetingTheGuardianView.swift; sourceTree = "<group>"; };
		181EE6222C639C2A00BAA9A8 /* ValleyOfShadowsVC.swift */ = {isa = PBXFileReference; lastKnownFileType = sourcecode.swift; path = ValleyOfShadowsVC.swift; sourceTree = "<group>"; };
		181EE6242C639C2E00BAA9A8 /* ValleyOfShadowsView.swift */ = {isa = PBXFileReference; lastKnownFileType = sourcecode.swift; path = ValleyOfShadowsView.swift; sourceTree = "<group>"; };
		181EE6262C639C3400BAA9A8 /* TrialOfFearVC.swift */ = {isa = PBXFileReference; lastKnownFileType = sourcecode.swift; path = TrialOfFearVC.swift; sourceTree = "<group>"; };
		181EE6282C639C3800BAA9A8 /* TrialOfFearView.swift */ = {isa = PBXFileReference; lastKnownFileType = sourcecode.swift; path = TrialOfFearView.swift; sourceTree = "<group>"; };
		181EE62A2C639EBB00BAA9A8 /* MacondoSwashCaps-Regular.ttf */ = {isa = PBXFileReference; lastKnownFileType = file; path = "MacondoSwashCaps-Regular.ttf"; sourceTree = "<group>"; };
		187145932C62454500C5AC90 /* Memory.swift */ = {isa = PBXFileReference; lastKnownFileType = sourcecode.swift; path = Memory.swift; sourceTree = "<group>"; };
		187145952C62455300C5AC90 /* Font + Extension.swift */ = {isa = PBXFileReference; lastKnownFileType = sourcecode.swift; path = "Font + Extension.swift"; sourceTree = "<group>"; };
		187145972C62455C00C5AC90 /* Settings.swift */ = {isa = PBXFileReference; lastKnownFileType = sourcecode.swift; path = Settings.swift; sourceTree = "<group>"; };
		187145992C6261B900C5AC90 /* AchivCell.swift */ = {isa = PBXFileReference; lastKnownFileType = sourcecode.swift; path = AchivCell.swift; sourceTree = "<group>"; };
		1871459B2C62663200C5AC90 /* AchivHeader.swift */ = {isa = PBXFileReference; lastKnownFileType = sourcecode.swift; path = AchivHeader.swift; sourceTree = "<group>"; };
		1871459E2C626A2F00C5AC90 /* InfoVC.swift */ = {isa = PBXFileReference; lastKnownFileType = sourcecode.swift; path = InfoVC.swift; sourceTree = "<group>"; };
		187145A02C626A3300C5AC90 /* InfoView.swift */ = {isa = PBXFileReference; lastKnownFileType = sourcecode.swift; path = InfoView.swift; sourceTree = "<group>"; };
		18DBB98E2C610F0700726CFD /* legacyDance.app */ = {isa = PBXFileReference; explicitFileType = wrapper.application; includeInIndex = 0; path = legacyDance.app; sourceTree = BUILT_PRODUCTS_DIR; };
		18DBB9912C610F0700726CFD /* AppDelegate.swift */ = {isa = PBXFileReference; lastKnownFileType = sourcecode.swift; path = AppDelegate.swift; sourceTree = "<group>"; };
		18DBB9932C610F0700726CFD /* SceneDelegate.swift */ = {isa = PBXFileReference; lastKnownFileType = sourcecode.swift; path = SceneDelegate.swift; sourceTree = "<group>"; };
		18DBB99A2C610F0900726CFD /* Assets.xcassets */ = {isa = PBXFileReference; lastKnownFileType = folder.assetcatalog; path = Assets.xcassets; sourceTree = "<group>"; };
		18DBB99D2C610F0900726CFD /* Base */ = {isa = PBXFileReference; lastKnownFileType = file.storyboard; name = Base; path = Base.lproj/LaunchScreen.storyboard; sourceTree = "<group>"; };
		18DBB99F2C610F0900726CFD /* Info.plist */ = {isa = PBXFileReference; lastKnownFileType = text.plist.xml; path = Info.plist; sourceTree = "<group>"; };
		18DBB9AD2C610F7300726CFD /* StartVC.swift */ = {isa = PBXFileReference; lastKnownFileType = sourcecode.swift; path = StartVC.swift; sourceTree = "<group>"; };
		18DBB9AF2C610F7700726CFD /* StartView.swift */ = {isa = PBXFileReference; lastKnownFileType = sourcecode.swift; path = StartView.swift; sourceTree = "<group>"; };
		18DBB9B12C610F8500726CFD /* BaseVC.swift */ = {isa = PBXFileReference; lastKnownFileType = sourcecode.swift; path = BaseVC.swift; sourceTree = "<group>"; };
		18DBB9B32C610F8800726CFD /* BaseView.swift */ = {isa = PBXFileReference; lastKnownFileType = sourcecode.swift; path = BaseView.swift; sourceTree = "<group>"; };
		18DBB9B52C610F9100726CFD /* StoryBiginningVC.swift */ = {isa = PBXFileReference; lastKnownFileType = sourcecode.swift; path = StoryBiginningVC.swift; sourceTree = "<group>"; };
		18DBB9B72C610F9500726CFD /* StoryBiginningView.swift */ = {isa = PBXFileReference; lastKnownFileType = sourcecode.swift; path = StoryBiginningView.swift; sourceTree = "<group>"; };
		18DBB9B92C610F9B00726CFD /* ProfileVC.swift */ = {isa = PBXFileReference; lastKnownFileType = sourcecode.swift; path = ProfileVC.swift; sourceTree = "<group>"; };
		18DBB9BB2C610F9E00726CFD /* ProfileView.swift */ = {isa = PBXFileReference; lastKnownFileType = sourcecode.swift; path = ProfileView.swift; sourceTree = "<group>"; };
/* End PBXFileReference section */

/* Begin PBXFrameworksBuildPhase section */
		18DBB98B2C610F0700726CFD /* Frameworks */ = {
			isa = PBXFrameworksBuildPhase;
			buildActionMask = 2147483647;
			files = (
				18DBB9BF2C610FC900726CFD /* SnapKit in Frameworks */,
			);
			runOnlyForDeploymentPostprocessing = 0;
		};
/* End PBXFrameworksBuildPhase section */

/* Begin PBXGroup section */
		181EE5F52C63988D00BAA9A8 /* Beginning */ = {
			isa = PBXGroup;
			children = (
				18DBB9B52C610F9100726CFD /* StoryBiginningVC.swift */,
				18DBB9B72C610F9500726CFD /* StoryBiginningView.swift */,
			);
			path = Beginning;
			sourceTree = "<group>";
		};
		181EE5F62C6398A300BAA9A8 /* FirstStop */ = {
			isa = PBXGroup;
			children = (
				181EE6022C639BDA00BAA9A8 /* FirstStopVC.swift */,
				181EE6042C639BDE00BAA9A8 /* FirstStopView.swift */,
			);
			path = FirstStop;
			sourceTree = "<group>";
		};
		181EE5F72C6398BC00BAA9A8 /* ForestOfTrials */ = {
			isa = PBXGroup;
			children = (
				181EE6062C639BE400BAA9A8 /* ForestOfTrialsVC.swift */,
				181EE6082C639BE800BAA9A8 /* ForestOfTrialsView.swift */,
			);
			path = ForestOfTrials;
			sourceTree = "<group>";
		};
		181EE5F82C6398FC00BAA9A8 /* SwimAcrossTheRiver */ = {
			isa = PBXGroup;
			children = (
				181EE60A2C639BEE00BAA9A8 /* SwimAcrossTheRiverVC.swift */,
				181EE60C2C639BF200BAA9A8 /* SwimAcrossTheRiverView.swift */,
			);
			path = SwimAcrossTheRiver;
			sourceTree = "<group>";
		};
		181EE5F92C63991300BAA9A8 /* BuildARaft */ = {
			isa = PBXGroup;
			children = (
				181EE60E2C639BF900BAA9A8 /* BuildARaftVC.swift */,
				181EE6102C639BFD00BAA9A8 /* BuildARaftView.swift */,
			);
			path = BuildARaft;
			sourceTree = "<group>";
		};
		181EE5FA2C63992D00BAA9A8 /* FindingTheThreeSymbols */ = {
			isa = PBXGroup;
			children = (
				181EE6122C639C0200BAA9A8 /* FindingTheThreeSymbolsVC.swift */,
				181EE6142C639C0700BAA9A8 /* FindingTheThreeSymbolsView.swift */,
			);
			path = FindingTheThreeSymbols;
			sourceTree = "<group>";
		};
		181EE5FB2C63997100BAA9A8 /* IncorrectAnswer */ = {
			isa = PBXGroup;
			children = (
				181EE6162C639C0D00BAA9A8 /* IncorrectAnswerVC.swift */,
				181EE6182C639C1100BAA9A8 /* IncorrectAnswerView.swift */,
			);
			path = IncorrectAnswer;
			sourceTree = "<group>";
		};
		181EE5FC2C6399A100BAA9A8 /* CorrectAnswer */ = {
			isa = PBXGroup;
			children = (
				181EE61A2C639C1700BAA9A8 /* CorrectAnswerVC.swift */,
				181EE61C2C639C1B00BAA9A8 /* CorrectAnswerView.swift */,
			);
			path = CorrectAnswer;
			sourceTree = "<group>";
		};
		181EE5FD2C6399B600BAA9A8 /* MeetingTheGuardian */ = {
			isa = PBXGroup;
			children = (
				181EE61E2C639C2100BAA9A8 /* MeetingTheGuardianVC.swift */,
				181EE6202C639C2500BAA9A8 /* MeetingTheGuardianView.swift */,
			);
			path = MeetingTheGuardian;
			sourceTree = "<group>";
		};
		181EE5FE2C6399D900BAA9A8 /* ValleyOfShadows */ = {
			isa = PBXGroup;
			children = (
				181EE6222C639C2A00BAA9A8 /* ValleyOfShadowsVC.swift */,
				181EE6242C639C2E00BAA9A8 /* ValleyOfShadowsView.swift */,
			);
			path = ValleyOfShadows;
			sourceTree = "<group>";
		};
		181EE5FF2C6399EF00BAA9A8 /* TrialOfFear */ = {
			isa = PBXGroup;
			children = (
				181EE6262C639C3400BAA9A8 /* TrialOfFearVC.swift */,
				181EE6282C639C3800BAA9A8 /* TrialOfFearView.swift */,
			);
			path = TrialOfFear;
			sourceTree = "<group>";
		};
		1871459D2C626A2500C5AC90 /* Info */ = {
			isa = PBXGroup;
			children = (
				1871459E2C626A2F00C5AC90 /* InfoVC.swift */,
				187145A02C626A3300C5AC90 /* InfoView.swift */,
			);
			path = Info;
			sourceTree = "<group>";
		};
		18DBB9852C610F0600726CFD = {
			isa = PBXGroup;
			children = (
				18DBB9902C610F0700726CFD /* legacyDance */,
				18DBB98F2C610F0700726CFD /* Products */,
			);
			sourceTree = "<group>";
		};
		18DBB98F2C610F0700726CFD /* Products */ = {
			isa = PBXGroup;
			children = (
				18DBB98E2C610F0700726CFD /* legacyDance.app */,
			);
			name = Products;
			sourceTree = "<group>";
		};
		18DBB9902C610F0700726CFD /* legacyDance */ = {
			isa = PBXGroup;
			children = (
				18DBB9A52C610F1300726CFD /* App */,
				18DBB99F2C610F0900726CFD /* Info.plist */,
			);
			path = legacyDance;
			sourceTree = "<group>";
		};
		18DBB9A52C610F1300726CFD /* App */ = {
			isa = PBXGroup;
			children = (
				18DBB9932C610F0700726CFD /* SceneDelegate.swift */,
				18DBB99C2C610F0900726CFD /* LaunchScreen.storyboard */,
				18DBB9912C610F0700726CFD /* AppDelegate.swift */,
				18DBB9A62C610F1900726CFD /* Flow */,
			);
			path = App;
			sourceTree = "<group>";
		};
		18DBB9A62C610F1900726CFD /* Flow */ = {
			isa = PBXGroup;
			children = (
				18DBB9A72C610F2100726CFD /* Start */,
				18DBB9AB2C610F4E00726CFD /* Resourse */,
			);
			path = Flow;
			sourceTree = "<group>";
		};
		18DBB9A72C610F2100726CFD /* Start */ = {
			isa = PBXGroup;
			children = (
				18DBB9AD2C610F7300726CFD /* StartVC.swift */,
				18DBB9AF2C610F7700726CFD /* StartView.swift */,
				18DBB9A82C610F2800726CFD /* Base */,
			);
			path = Start;
			sourceTree = "<group>";
		};
		18DBB9A82C610F2800726CFD /* Base */ = {
			isa = PBXGroup;
			children = (
				18DBB9B12C610F8500726CFD /* BaseVC.swift */,
				18DBB9B32C610F8800726CFD /* BaseView.swift */,
				18DBB9AA2C610F3100726CFD /* Story */,
				18DBB9A92C610F2D00726CFD /* Profile */,
			);
			path = Base;
			sourceTree = "<group>";
		};
		18DBB9A92C610F2D00726CFD /* Profile */ = {
			isa = PBXGroup;
			children = (
				18DBB9B92C610F9B00726CFD /* ProfileVC.swift */,
				18DBB9BB2C610F9E00726CFD /* ProfileView.swift */,
				187145992C6261B900C5AC90 /* AchivCell.swift */,
				1871459B2C62663200C5AC90 /* AchivHeader.swift */,
				1871459D2C626A2500C5AC90 /* Info */,
			);
			path = Profile;
			sourceTree = "<group>";
		};
		18DBB9AA2C610F3100726CFD /* Story */ = {
			isa = PBXGroup;
			children = (
				181EE5FF2C6399EF00BAA9A8 /* TrialOfFear */,
				181EE5FE2C6399D900BAA9A8 /* ValleyOfShadows */,
				181EE5FD2C6399B600BAA9A8 /* MeetingTheGuardian */,
				181EE5FC2C6399A100BAA9A8 /* CorrectAnswer */,
				181EE5FB2C63997100BAA9A8 /* IncorrectAnswer */,
				181EE5FA2C63992D00BAA9A8 /* FindingTheThreeSymbols */,
				181EE5F92C63991300BAA9A8 /* BuildARaft */,
				181EE5F82C6398FC00BAA9A8 /* SwimAcrossTheRiver */,
				181EE5F72C6398BC00BAA9A8 /* ForestOfTrials */,
				181EE5F62C6398A300BAA9A8 /* FirstStop */,
				181EE5F52C63988D00BAA9A8 /* Beginning */,
			);
			path = Story;
			sourceTree = "<group>";
		};
		18DBB9AB2C610F4E00726CFD /* Resourse */ = {
			isa = PBXGroup;
			children = (
				187145952C62455300C5AC90 /* Font + Extension.swift */,
				187145932C62454500C5AC90 /* Memory.swift */,
				187145972C62455C00C5AC90 /* Settings.swift */,
				18DBB9AC2C610F5900726CFD /* Fonts */,
				18DBB99A2C610F0900726CFD /* Assets.xcassets */,
			);
			path = Resourse;
			sourceTree = "<group>";
		};
		18DBB9AC2C610F5900726CFD /* Fonts */ = {
			isa = PBXGroup;
			children = (
				181EE5F32C6391CD00BAA9A8 /* UnifrakturCook-Bold.ttf */,
				181EE62A2C639EBB00BAA9A8 /* MacondoSwashCaps-Regular.ttf */,
				181EE5F12C63919A00BAA9A8 /* UbuntuMono-Regular.ttf */,
			);
			path = Fonts;
			sourceTree = "<group>";
		};
/* End PBXGroup section */

/* Begin PBXNativeTarget section */
		18DBB98D2C610F0700726CFD /* legacyDance */ = {
			isa = PBXNativeTarget;
			buildConfigurationList = 18DBB9A22C610F0900726CFD /* Build configuration list for PBXNativeTarget "legacyDance" */;
			buildPhases = (
				18DBB98A2C610F0700726CFD /* Sources */,
				18DBB98B2C610F0700726CFD /* Frameworks */,
				18DBB98C2C610F0700726CFD /* Resources */,
			);
			buildRules = (
			);
			dependencies = (
			);
			name = legacyDance;
			packageProductDependencies = (
				18DBB9BE2C610FC900726CFD /* SnapKit */,
			);
			productName = legacyDance;
			productReference = 18DBB98E2C610F0700726CFD /* legacyDance.app */;
			productType = "com.apple.product-type.application";
		};
/* End PBXNativeTarget section */

/* Begin PBXProject section */
		18DBB9862C610F0600726CFD /* Project object */ = {
			isa = PBXProject;
			attributes = {
				BuildIndependentTargetsInParallel = 1;
				LastSwiftUpdateCheck = 1530;
				LastUpgradeCheck = 1530;
				TargetAttributes = {
					18DBB98D2C610F0700726CFD = {
						CreatedOnToolsVersion = 15.3;
					};
				};
			};
			buildConfigurationList = 18DBB9892C610F0600726CFD /* Build configuration list for PBXProject "legacyDance" */;
			compatibilityVersion = "Xcode 14.0";
			developmentRegion = en;
			hasScannedForEncodings = 0;
			knownRegions = (
				en,
				Base,
			);
			mainGroup = 18DBB9852C610F0600726CFD;
			packageReferences = (
				18DBB9BD2C610FC900726CFD /* XCRemoteSwiftPackageReference "SnapKit" */,
			);
			productRefGroup = 18DBB98F2C610F0700726CFD /* Products */;
			projectDirPath = "";
			projectRoot = "";
			targets = (
				18DBB98D2C610F0700726CFD /* legacyDance */,
			);
		};
/* End PBXProject section */

/* Begin PBXResourcesBuildPhase section */
		18DBB98C2C610F0700726CFD /* Resources */ = {
			isa = PBXResourcesBuildPhase;
			buildActionMask = 2147483647;
			files = (
				181EE5F42C6391CD00BAA9A8 /* UnifrakturCook-Bold.ttf in Resources */,
				18DBB99B2C610F0900726CFD /* Assets.xcassets in Resources */,
				181EE5F22C63919A00BAA9A8 /* UbuntuMono-Regular.ttf in Resources */,
				181EE62B2C639EBB00BAA9A8 /* MacondoSwashCaps-Regular.ttf in Resources */,
				18DBB99E2C610F0900726CFD /* Base in Resources */,
			);
			runOnlyForDeploymentPostprocessing = 0;
		};
/* End PBXResourcesBuildPhase section */

/* Begin PBXSourcesBuildPhase section */
		18DBB98A2C610F0700726CFD /* Sources */ = {
			isa = PBXSourcesBuildPhase;
			buildActionMask = 2147483647;
			files = (
				18DBB9922C610F0700726CFD /* AppDelegate.swift in Sources */,
				181EE6252C639C2E00BAA9A8 /* ValleyOfShadowsView.swift in Sources */,
				181EE6072C639BE400BAA9A8 /* ForestOfTrialsVC.swift in Sources */,
				181EE6092C639BE800BAA9A8 /* ForestOfTrialsView.swift in Sources */,
				181EE61F2C639C2100BAA9A8 /* MeetingTheGuardianVC.swift in Sources */,
				18DBB9942C610F0700726CFD /* SceneDelegate.swift in Sources */,
				187145982C62455C00C5AC90 /* Settings.swift in Sources */,
				18DBB9BC2C610F9E00726CFD /* ProfileView.swift in Sources */,
				181EE6052C639BDE00BAA9A8 /* FirstStopView.swift in Sources */,
				187145A12C626A3400C5AC90 /* InfoView.swift in Sources */,
				181EE6032C639BDA00BAA9A8 /* FirstStopVC.swift in Sources */,
				181EE61B2C639C1700BAA9A8 /* CorrectAnswerVC.swift in Sources */,
				18DBB9AE2C610F7300726CFD /* StartVC.swift in Sources */,
				1871459A2C6261B900C5AC90 /* AchivCell.swift in Sources */,
				181EE6132C639C0200BAA9A8 /* FindingTheThreeSymbolsVC.swift in Sources */,
				181EE6152C639C0700BAA9A8 /* FindingTheThreeSymbolsView.swift in Sources */,
				187145962C62455300C5AC90 /* Font + Extension.swift in Sources */,
				181EE6112C639BFD00BAA9A8 /* BuildARaftView.swift in Sources */,
				181EE6272C639C3400BAA9A8 /* TrialOfFearVC.swift in Sources */,
				18DBB9BA2C610F9B00726CFD /* ProfileVC.swift in Sources */,
				187145942C62454600C5AC90 /* Memory.swift in Sources */,
				18DBB9B62C610F9100726CFD /* StoryBiginningVC.swift in Sources */,
				181EE6232C639C2A00BAA9A8 /* ValleyOfShadowsVC.swift in Sources */,
				18DBB9B42C610F8800726CFD /* BaseView.swift in Sources */,
				18DBB9B02C610F7700726CFD /* StartView.swift in Sources */,
				181EE6212C639C2500BAA9A8 /* MeetingTheGuardianView.swift in Sources */,
				1871459F2C626A2F00C5AC90 /* InfoVC.swift in Sources */,
				181EE61D2C639C1B00BAA9A8 /* CorrectAnswerView.swift in Sources */,
				181EE60D2C639BF200BAA9A8 /* SwimAcrossTheRiverView.swift in Sources */,
				181EE60B2C639BEE00BAA9A8 /* SwimAcrossTheRiverVC.swift in Sources */,
				181EE60F2C639BF900BAA9A8 /* BuildARaftVC.swift in Sources */,
				181EE6172C639C0D00BAA9A8 /* IncorrectAnswerVC.swift in Sources */,
				181EE6192C639C1100BAA9A8 /* IncorrectAnswerView.swift in Sources */,
				1871459C2C62663200C5AC90 /* AchivHeader.swift in Sources */,
				18DBB9B82C610F9500726CFD /* StoryBiginningView.swift in Sources */,
				181EE6292C639C3800BAA9A8 /* TrialOfFearView.swift in Sources */,
				18DBB9B22C610F8500726CFD /* BaseVC.swift in Sources */,
			);
			runOnlyForDeploymentPostprocessing = 0;
		};
/* End PBXSourcesBuildPhase section */

/* Begin PBXVariantGroup section */
		18DBB99C2C610F0900726CFD /* LaunchScreen.storyboard */ = {
			isa = PBXVariantGroup;
			children = (
				18DBB99D2C610F0900726CFD /* Base */,
			);
			name = LaunchScreen.storyboard;
			sourceTree = "<group>";
		};
/* End PBXVariantGroup section */

/* Begin XCBuildConfiguration section */
		18DBB9A02C610F0900726CFD /* Debug */ = {
			isa = XCBuildConfiguration;
			buildSettings = {
				ALWAYS_SEARCH_USER_PATHS = NO;
				ASSETCATALOG_COMPILER_GENERATE_SWIFT_ASSET_SYMBOL_EXTENSIONS = YES;
				CLANG_ANALYZER_NONNULL = YES;
				CLANG_ANALYZER_NUMBER_OBJECT_CONVERSION = YES_AGGRESSIVE;
				CLANG_CXX_LANGUAGE_STANDARD = "gnu++20";
				CLANG_ENABLE_MODULES = YES;
				CLANG_ENABLE_OBJC_ARC = YES;
				CLANG_ENABLE_OBJC_WEAK = YES;
				CLANG_WARN_BLOCK_CAPTURE_AUTORELEASING = YES;
				CLANG_WARN_BOOL_CONVERSION = YES;
				CLANG_WARN_COMMA = YES;
				CLANG_WARN_CONSTANT_CONVERSION = YES;
				CLANG_WARN_DEPRECATED_OBJC_IMPLEMENTATIONS = YES;
				CLANG_WARN_DIRECT_OBJC_ISA_USAGE = YES_ERROR;
				CLANG_WARN_DOCUMENTATION_COMMENTS = YES;
				CLANG_WARN_EMPTY_BODY = YES;
				CLANG_WARN_ENUM_CONVERSION = YES;
				CLANG_WARN_INFINITE_RECURSION = YES;
				CLANG_WARN_INT_CONVERSION = YES;
				CLANG_WARN_NON_LITERAL_NULL_CONVERSION = YES;
				CLANG_WARN_OBJC_IMPLICIT_RETAIN_SELF = YES;
				CLANG_WARN_OBJC_LITERAL_CONVERSION = YES;
				CLANG_WARN_OBJC_ROOT_CLASS = YES_ERROR;
				CLANG_WARN_QUOTED_INCLUDE_IN_FRAMEWORK_HEADER = YES;
				CLANG_WARN_RANGE_LOOP_ANALYSIS = YES;
				CLANG_WARN_STRICT_PROTOTYPES = YES;
				CLANG_WARN_SUSPICIOUS_MOVE = YES;
				CLANG_WARN_UNGUARDED_AVAILABILITY = YES_AGGRESSIVE;
				CLANG_WARN_UNREACHABLE_CODE = YES;
				CLANG_WARN__DUPLICATE_METHOD_MATCH = YES;
				COPY_PHASE_STRIP = NO;
				DEBUG_INFORMATION_FORMAT = dwarf;
				ENABLE_STRICT_OBJC_MSGSEND = YES;
				ENABLE_TESTABILITY = YES;
				ENABLE_USER_SCRIPT_SANDBOXING = YES;
				GCC_C_LANGUAGE_STANDARD = gnu17;
				GCC_DYNAMIC_NO_PIC = NO;
				GCC_NO_COMMON_BLOCKS = YES;
				GCC_OPTIMIZATION_LEVEL = 0;
				GCC_PREPROCESSOR_DEFINITIONS = (
					"DEBUG=1",
					"$(inherited)",
				);
				GCC_WARN_64_TO_32_BIT_CONVERSION = YES;
				GCC_WARN_ABOUT_RETURN_TYPE = YES_ERROR;
				GCC_WARN_UNDECLARED_SELECTOR = YES;
				GCC_WARN_UNINITIALIZED_AUTOS = YES_AGGRESSIVE;
				GCC_WARN_UNUSED_FUNCTION = YES;
				GCC_WARN_UNUSED_VARIABLE = YES;
				IPHONEOS_DEPLOYMENT_TARGET = 15.0;
				LOCALIZATION_PREFERS_STRING_CATALOGS = YES;
				MTL_ENABLE_DEBUG_INFO = INCLUDE_SOURCE;
				MTL_FAST_MATH = YES;
				ONLY_ACTIVE_ARCH = YES;
				SDKROOT = iphoneos;
				SWIFT_ACTIVE_COMPILATION_CONDITIONS = "DEBUG $(inherited)";
				SWIFT_OPTIMIZATION_LEVEL = "-Onone";
			};
			name = Debug;
		};
		18DBB9A12C610F0900726CFD /* Release */ = {
			isa = XCBuildConfiguration;
			buildSettings = {
				ALWAYS_SEARCH_USER_PATHS = NO;
				ASSETCATALOG_COMPILER_GENERATE_SWIFT_ASSET_SYMBOL_EXTENSIONS = YES;
				CLANG_ANALYZER_NONNULL = YES;
				CLANG_ANALYZER_NUMBER_OBJECT_CONVERSION = YES_AGGRESSIVE;
				CLANG_CXX_LANGUAGE_STANDARD = "gnu++20";
				CLANG_ENABLE_MODULES = YES;
				CLANG_ENABLE_OBJC_ARC = YES;
				CLANG_ENABLE_OBJC_WEAK = YES;
				CLANG_WARN_BLOCK_CAPTURE_AUTORELEASING = YES;
				CLANG_WARN_BOOL_CONVERSION = YES;
				CLANG_WARN_COMMA = YES;
				CLANG_WARN_CONSTANT_CONVERSION = YES;
				CLANG_WARN_DEPRECATED_OBJC_IMPLEMENTATIONS = YES;
				CLANG_WARN_DIRECT_OBJC_ISA_USAGE = YES_ERROR;
				CLANG_WARN_DOCUMENTATION_COMMENTS = YES;
				CLANG_WARN_EMPTY_BODY = YES;
				CLANG_WARN_ENUM_CONVERSION = YES;
				CLANG_WARN_INFINITE_RECURSION = YES;
				CLANG_WARN_INT_CONVERSION = YES;
				CLANG_WARN_NON_LITERAL_NULL_CONVERSION = YES;
				CLANG_WARN_OBJC_IMPLICIT_RETAIN_SELF = YES;
				CLANG_WARN_OBJC_LITERAL_CONVERSION = YES;
				CLANG_WARN_OBJC_ROOT_CLASS = YES_ERROR;
				CLANG_WARN_QUOTED_INCLUDE_IN_FRAMEWORK_HEADER = YES;
				CLANG_WARN_RANGE_LOOP_ANALYSIS = YES;
				CLANG_WARN_STRICT_PROTOTYPES = YES;
				CLANG_WARN_SUSPICIOUS_MOVE = YES;
				CLANG_WARN_UNGUARDED_AVAILABILITY = YES_AGGRESSIVE;
				CLANG_WARN_UNREACHABLE_CODE = YES;
				CLANG_WARN__DUPLICATE_METHOD_MATCH = YES;
				COPY_PHASE_STRIP = NO;
				DEBUG_INFORMATION_FORMAT = "dwarf-with-dsym";
				ENABLE_NS_ASSERTIONS = NO;
				ENABLE_STRICT_OBJC_MSGSEND = YES;
				ENABLE_USER_SCRIPT_SANDBOXING = YES;
				GCC_C_LANGUAGE_STANDARD = gnu17;
				GCC_NO_COMMON_BLOCKS = YES;
				GCC_WARN_64_TO_32_BIT_CONVERSION = YES;
				GCC_WARN_ABOUT_RETURN_TYPE = YES_ERROR;
				GCC_WARN_UNDECLARED_SELECTOR = YES;
				GCC_WARN_UNINITIALIZED_AUTOS = YES_AGGRESSIVE;
				GCC_WARN_UNUSED_FUNCTION = YES;
				GCC_WARN_UNUSED_VARIABLE = YES;
				IPHONEOS_DEPLOYMENT_TARGET = 15.0;
				LOCALIZATION_PREFERS_STRING_CATALOGS = YES;
				MTL_ENABLE_DEBUG_INFO = NO;
				MTL_FAST_MATH = YES;
				SDKROOT = iphoneos;
				SWIFT_COMPILATION_MODE = wholemodule;
				VALIDATE_PRODUCT = YES;
			};
			name = Release;
		};
		18DBB9A32C610F0900726CFD /* Debug */ = {
			isa = XCBuildConfiguration;
			buildSettings = {
				ASSETCATALOG_COMPILER_APPICON_NAME = AppIcon;
				ASSETCATALOG_COMPILER_GLOBAL_ACCENT_COLOR_NAME = AccentColor;
				CODE_SIGN_STYLE = Automatic;
				CURRENT_PROJECT_VERSION = 1;
				GENERATE_INFOPLIST_FILE = YES;
				INFOPLIST_FILE = legacyDance/Info.plist;
				INFOPLIST_KEY_UIApplicationSupportsIndirectInputEvents = YES;
				INFOPLIST_KEY_UILaunchStoryboardName = LaunchScreen;
				INFOPLIST_KEY_UISupportedInterfaceOrientations_iPad = "UIInterfaceOrientationPortrait UIInterfaceOrientationPortraitUpsideDown UIInterfaceOrientationLandscapeLeft UIInterfaceOrientationLandscapeRight";
				INFOPLIST_KEY_UISupportedInterfaceOrientations_iPhone = "UIInterfaceOrientationPortrait UIInterfaceOrientationLandscapeLeft UIInterfaceOrientationLandscapeRight";
				IPHONEOS_DEPLOYMENT_TARGET = 15.0;
				LD_RUNPATH_SEARCH_PATHS = (
					"$(inherited)",
					"@executable_path/Frameworks",
				);
				MARKETING_VERSION = 1.0;
				PRODUCT_BUNDLE_IDENTIFIER = tsarevichD.legacyDance;
				PRODUCT_NAME = "$(TARGET_NAME)";
				SUPPORTED_PLATFORMS = "iphoneos iphonesimulator";
				SUPPORTS_MACCATALYST = NO;
				SUPPORTS_XR_DESIGNED_FOR_IPHONE_IPAD = NO;
				SWIFT_EMIT_LOC_STRINGS = YES;
				SWIFT_VERSION = 5.0;
				TARGETED_DEVICE_FAMILY = 1;
			};
			name = Debug;
		};
		18DBB9A42C610F0900726CFD /* Release */ = {
			isa = XCBuildConfiguration;
			buildSettings = {
				ASSETCATALOG_COMPILER_APPICON_NAME = AppIcon;
				ASSETCATALOG_COMPILER_GLOBAL_ACCENT_COLOR_NAME = AccentColor;
				CODE_SIGN_STYLE = Automatic;
				CURRENT_PROJECT_VERSION = 1;
				GENERATE_INFOPLIST_FILE = YES;
				INFOPLIST_FILE = legacyDance/Info.plist;
				INFOPLIST_KEY_UIApplicationSupportsIndirectInputEvents = YES;
				INFOPLIST_KEY_UILaunchStoryboardName = LaunchScreen;
				INFOPLIST_KEY_UISupportedInterfaceOrientations_iPad = "UIInterfaceOrientationPortrait UIInterfaceOrientationPortraitUpsideDown UIInterfaceOrientationLandscapeLeft UIInterfaceOrientationLandscapeRight";
				INFOPLIST_KEY_UISupportedInterfaceOrientations_iPhone = "UIInterfaceOrientationPortrait UIInterfaceOrientationLandscapeLeft UIInterfaceOrientationLandscapeRight";
				IPHONEOS_DEPLOYMENT_TARGET = 15.0;
				LD_RUNPATH_SEARCH_PATHS = (
					"$(inherited)",
					"@executable_path/Frameworks",
				);
				MARKETING_VERSION = 1.0;
				PRODUCT_BUNDLE_IDENTIFIER = tsarevichD.legacyDance;
				PRODUCT_NAME = "$(TARGET_NAME)";
				SUPPORTED_PLATFORMS = "iphoneos iphonesimulator";
				SUPPORTS_MACCATALYST = NO;
				SUPPORTS_XR_DESIGNED_FOR_IPHONE_IPAD = NO;
				SWIFT_EMIT_LOC_STRINGS = YES;
				SWIFT_VERSION = 5.0;
				TARGETED_DEVICE_FAMILY = 1;
			};
			name = Release;
		};
/* End XCBuildConfiguration section */

/* Begin XCConfigurationList section */
		18DBB9892C610F0600726CFD /* Build configuration list for PBXProject "legacyDance" */ = {
			isa = XCConfigurationList;
			buildConfigurations = (
				18DBB9A02C610F0900726CFD /* Debug */,
				18DBB9A12C610F0900726CFD /* Release */,
			);
			defaultConfigurationIsVisible = 0;
			defaultConfigurationName = Release;
		};
		18DBB9A22C610F0900726CFD /* Build configuration list for PBXNativeTarget "legacyDance" */ = {
			isa = XCConfigurationList;
			buildConfigurations = (
				18DBB9A32C610F0900726CFD /* Debug */,
				18DBB9A42C610F0900726CFD /* Release */,
			);
			defaultConfigurationIsVisible = 0;
			defaultConfigurationName = Release;
		};
/* End XCConfigurationList section */

/* Begin XCRemoteSwiftPackageReference section */
		18DBB9BD2C610FC900726CFD /* XCRemoteSwiftPackageReference "SnapKit" */ = {
			isa = XCRemoteSwiftPackageReference;
			repositoryURL = "https://github.com/SnapKit/SnapKit";
			requirement = {
				kind = upToNextMajorVersion;
				minimumVersion = 5.7.1;
			};
		};
/* End XCRemoteSwiftPackageReference section */

/* Begin XCSwiftPackageProductDependency section */
		18DBB9BE2C610FC900726CFD /* SnapKit */ = {
			isa = XCSwiftPackageProductDependency;
			package = 18DBB9BD2C610FC900726CFD /* XCRemoteSwiftPackageReference "SnapKit" */;
			productName = SnapKit;
		};
/* End XCSwiftPackageProductDependency section */
	};
	rootObject = 18DBB9862C610F0600726CFD /* Project object */;
}
